
Microsoft Visual Studio Solution File, Format Version 9.00
# Visual C# Express 2005
Project("{FAE04EC0-301F-11D3-BF4B-00C04F79EFBC}") = "VitalSigns.Library", "VitalSignsLibrary\VitalSigns.Library.csproj", "{8E9437BB-7FA6-4A87-A69D-0F41C3BF9634}"
EndProject
Project("{FAE04EC0-301F-11D3-BF4B-00C04F79EFBC}") = "VitalSigns.DAL", "VitalSignsDAL\VitalSigns.DAL.csproj", "{B9A410AF-4192-4815-88CA-355582FF7254}"
EndProject
Project("{FAE04EC0-301F-11D3-BF4B-00C04F79EFBC}") = "SampleApplication", "SampleApplication.Library\SampleApplication.csproj", "{5B1A0E0E-5671-4650-9622-06BA381CD706}"
EndProject
Global
	GlobalSection(SolutionConfigurationPlatforms) = preSolution
		Debug|Any CPU = Debug|Any CPU
		Release|Any CPU = Release|Any CPU
	EndGlobalSection
	GlobalSection(ProjectConfigurationPlatforms) = postSolution
		{8E9437BB-7FA6-4A87-A69D-0F41C3BF9634}.Debug|Any CPU.ActiveCfg = Debug|Any CPU
		{8E9437BB-7FA6-4A87-A69D-0F41C3BF9634}.Debug|Any CPU.Build.0 = Debug|Any CPU
		{8E9437BB-7FA6-4A87-A69D-0F41C3BF9634}.Release|Any CPU.ActiveCfg = Release|Any CPU
		{8E9437BB-7FA6-4A87-A69D-0F41C3BF9634}.Release|Any CPU.Build.0 = Release|Any CPU
		{B9A410AF-4192-4815-88CA-355582FF7254}.Debug|Any CPU.ActiveCfg = Debug|Any CPU
		{B9A410AF-4192-4815-88CA-355582FF7254}.Debug|Any CPU.Build.0 = Debug|Any CPU
		{B9A410AF-4192-4815-88CA-355582FF7254}.Release|Any CPU.ActiveCfg = Release|Any CPU
		{B9A410AF-4192-4815-88CA-355582FF7254}.Release|Any CPU.Build.0 = Release|Any CPU
		{5B1A0E0E-5671-4650-9622-06BA381CD706}.Debug|Any CPU.ActiveCfg = Debug|Any CPU
		{5B1A0E0E-5671-4650-9622-06BA381CD706}.Debug|Any CPU.Build.0 = Debug|Any CPU
		{5B1A0E0E-5671-4650-9622-06BA381CD706}.Release|Any CPU.ActiveCfg = Release|Any CPU
		{5B1A0E0E-5671-4650-9622-06BA381CD706}.Release|Any CPU.Build.0 = Release|Any CPU
	EndGlobalSection
	GlobalSection(SolutionProperties) = preSolution
		HideSolutionNode = FALSE
	EndGlobalSection
EndGlobal
